// !$*UTF8*$!
{
	archiveVersion = 1;
	classes = {
	};
	objectVersion = 55;
	objects = {

/* Begin PBXBuildFile section */
		C05B1FE72AB8A04600AFA54D /* .gitignore in Resources */ = {isa = PBXBuildFile; fileRef = C05B1FE62AB8A04600AFA54D /* .gitignore */; };
		C05B1FE92ABB42F800AFA54D /* MainViewController.swift in Sources */ = {isa = PBXBuildFile; fileRef = C05B1FE82ABB42F800AFA54D /* MainViewController.swift */; };
		C05B1FEB2ABB44F400AFA54D /* WelcomeViewController.swift in Sources */ = {isa = PBXBuildFile; fileRef = C05B1FEA2ABB44F400AFA54D /* WelcomeViewController.swift */; };
		C05B1FED2ABB452900AFA54D /* SignUpViewController.swift in Sources */ = {isa = PBXBuildFile; fileRef = C05B1FEC2ABB452900AFA54D /* SignUpViewController.swift */; };
		C08C00CD2AB89061002791C6 /* AppDelegate.swift in Sources */ = {isa = PBXBuildFile; fileRef = C08C00CC2AB89061002791C6 /* AppDelegate.swift */; };
		C08C00CF2AB89061002791C6 /* SceneDelegate.swift in Sources */ = {isa = PBXBuildFile; fileRef = C08C00CE2AB89061002791C6 /* SceneDelegate.swift */; };
		C08C00D12AB89061002791C6 /* MakingQuestViewController.swift in Sources */ = {isa = PBXBuildFile; fileRef = C08C00D02AB89061002791C6 /* MakingQuestViewController.swift */; };
		C08C00D42AB89061002791C6 /* Main.storyboard in Resources */ = {isa = PBXBuildFile; fileRef = C08C00D22AB89061002791C6 /* Main.storyboard */; };
		C08C00D62AB89062002791C6 /* Assets.xcassets in Resources */ = {isa = PBXBuildFile; fileRef = C08C00D52AB89062002791C6 /* Assets.xcassets */; };
		C08C00D92AB89062002791C6 /* LaunchScreen.storyboard in Resources */ = {isa = PBXBuildFile; fileRef = C08C00D72AB89062002791C6 /* LaunchScreen.storyboard */; };
/* End PBXBuildFile section */

/* Begin PBXFileReference section */
		C05B1FE62AB8A04600AFA54D /* .gitignore */ = {isa = PBXFileReference; lastKnownFileType = text; path = .gitignore; sourceTree = SOURCE_ROOT; };
		C05B1FE82ABB42F800AFA54D /* MainViewController.swift */ = {isa = PBXFileReference; lastKnownFileType = sourcecode.swift; path = MainViewController.swift; sourceTree = "<group>"; };
		C05B1FEA2ABB44F400AFA54D /* WelcomeViewController.swift */ = {isa = PBXFileReference; lastKnownFileType = sourcecode.swift; path = WelcomeViewController.swift; sourceTree = "<group>"; };
		C05B1FEC2ABB452900AFA54D /* SignUpViewController.swift */ = {isa = PBXFileReference; lastKnownFileType = sourcecode.swift; path = SignUpViewController.swift; sourceTree = "<group>"; };
		C08C00C92AB89061002791C6 /* Pramisu.app */ = {isa = PBXFileReference; explicitFileType = wrapper.application; includeInIndex = 0; path = Pramisu.app; sourceTree = BUILT_PRODUCTS_DIR; };
		C08C00CC2AB89061002791C6 /* AppDelegate.swift */ = {isa = PBXFileReference; lastKnownFileType = sourcecode.swift; path = AppDelegate.swift; sourceTree = "<group>"; };
		C08C00CE2AB89061002791C6 /* SceneDelegate.swift */ = {isa = PBXFileReference; lastKnownFileType = sourcecode.swift; path = SceneDelegate.swift; sourceTree = "<group>"; };
		C08C00D02AB89061002791C6 /* MakingQuestViewController.swift */ = {isa = PBXFileReference; lastKnownFileType = sourcecode.swift; path = MakingQuestViewController.swift; sourceTree = "<group>"; };
		C08C00D32AB89061002791C6 /* Base */ = {isa = PBXFileReference; lastKnownFileType = file.storyboard; name = Base; path = Base.lproj/Main.storyboard; sourceTree = "<group>"; };
		C08C00D52AB89062002791C6 /* Assets.xcassets */ = {isa = PBXFileReference; lastKnownFileType = folder.assetcatalog; name = Assets.xcassets; path = Pramisu/Resources/Assets.xcassets; sourceTree = SOURCE_ROOT; };
		C08C00D82AB89062002791C6 /* Base */ = {isa = PBXFileReference; lastKnownFileType = file.storyboard; name = Base; path = Base.lproj/LaunchScreen.storyboard; sourceTree = "<group>"; };
		C08C00DA2AB89062002791C6 /* Info.plist */ = {isa = PBXFileReference; lastKnownFileType = text.plist.xml; name = Info.plist; path = Pramisu/SupportingFiles/Info.plist; sourceTree = SOURCE_ROOT; };
/* End PBXFileReference section */

/* Begin PBXFrameworksBuildPhase section */
		C08C00C62AB89061002791C6 /* Frameworks */ = {
			isa = PBXFrameworksBuildPhase;
			buildActionMask = 2147483647;
			files = (
			);
			runOnlyForDeploymentPostprocessing = 0;
		};
/* End PBXFrameworksBuildPhase section */

/* Begin PBXGroup section */
		C08C00C02AB89061002791C6 = {
			isa = PBXGroup;
			children = (
				C08C00CB2AB89061002791C6 /* Pramisu */,
				C08C00CA2AB89061002791C6 /* Products */,
			);
			sourceTree = "<group>";
		};
		C08C00CA2AB89061002791C6 /* Products */ = {
			isa = PBXGroup;
			children = (
				C08C00C92AB89061002791C6 /* Pramisu.app */,
			);
			name = Products;
			sourceTree = "<group>";
		};
		C08C00CB2AB89061002791C6 /* Pramisu */ = {
			isa = PBXGroup;
			children = (
				C08C00E32AB89B00002791C6 /* View */,
				C08C00E22AB89AF1002791C6 /* UI */,
				C08C00E12AB899B9002791C6 /* SupportingFiles */,
				C08C00E02AB8998B002791C6 /* Resources */,
				C05B1FE62AB8A04600AFA54D /* .gitignore */,
			);
			path = Pramisu;
			sourceTree = "<group>";
		};
		C08C00E02AB8998B002791C6 /* Resources */ = {
			isa = PBXGroup;
			children = (
				C08C00D52AB89062002791C6 /* Assets.xcassets */,
			);
			path = Resources;
			sourceTree = "<group>";
		};
		C08C00E12AB899B9002791C6 /* SupportingFiles */ = {
			isa = PBXGroup;
			children = (
				C08C00CC2AB89061002791C6 /* AppDelegate.swift */,
				C08C00CE2AB89061002791C6 /* SceneDelegate.swift */,
				C08C00DA2AB89062002791C6 /* Info.plist */,
			);
			path = SupportingFiles;
			sourceTree = "<group>";
		};
		C08C00E22AB89AF1002791C6 /* UI */ = {
			isa = PBXGroup;
			children = (
				C08C00D22AB89061002791C6 /* Main.storyboard */,
				C08C00D72AB89062002791C6 /* LaunchScreen.storyboard */,
			);
			path = UI;
			sourceTree = "<group>";
		};
		C08C00E32AB89B00002791C6 /* View */ = {
			isa = PBXGroup;
			children = (
				C08C00D02AB89061002791C6 /* MakingQuestViewController.swift */,
				C05B1FE82ABB42F800AFA54D /* MainViewController.swift */,
				C05B1FEA2ABB44F400AFA54D /* WelcomeViewController.swift */,
				C05B1FEC2ABB452900AFA54D /* SignUpViewController.swift */,
			);
			path = View;
			sourceTree = "<group>";
		};
/* End PBXGroup section */

/* Begin PBXNativeTarget section */
		C08C00C82AB89061002791C6 /* Pramisu */ = {
			isa = PBXNativeTarget;
			buildConfigurationList = C08C00DD2AB89062002791C6 /* Build configuration list for PBXNativeTarget "Pramisu" */;
			buildPhases = (
				C08C00C52AB89061002791C6 /* Sources */,
				C08C00C62AB89061002791C6 /* Frameworks */,
				C08C00C72AB89061002791C6 /* Resources */,
			);
			buildRules = (
			);
			dependencies = (
			);
			name = Pramisu;
			productName = Pramisu;
			productReference = C08C00C92AB89061002791C6 /* Pramisu.app */;
			productType = "com.apple.product-type.application";
		};
/* End PBXNativeTarget section */

/* Begin PBXProject section */
		C08C00C12AB89061002791C6 /* Project object */ = {
			isa = PBXProject;
			attributes = {
				BuildIndependentTargetsInParallel = 1;
				LastSwiftUpdateCheck = 1320;
				LastUpgradeCheck = 1320;
				TargetAttributes = {
					C08C00C82AB89061002791C6 = {
						CreatedOnToolsVersion = 13.2;
					};
				};
			};
			buildConfigurationList = C08C00C42AB89061002791C6 /* Build configuration list for PBXProject "Pramisu" */;
			compatibilityVersion = "Xcode 13.0";
			developmentRegion = en;
			hasScannedForEncodings = 0;
			knownRegions = (
				en,
				Base,
			);
			mainGroup = C08C00C02AB89061002791C6;
			productRefGroup = C08C00CA2AB89061002791C6 /* Products */;
			projectDirPath = "";
			projectRoot = "";
			targets = (
				C08C00C82AB89061002791C6 /* Pramisu */,
			);
		};
/* End PBXProject section */

/* Begin PBXResourcesBuildPhase section */
		C08C00C72AB89061002791C6 /* Resources */ = {
			isa = PBXResourcesBuildPhase;
			buildActionMask = 2147483647;
			files = (
				C05B1FE72AB8A04600AFA54D /* .gitignore in Resources */,
				C08C00D92AB89062002791C6 /* LaunchScreen.storyboard in Resources */,
				C08C00D62AB89062002791C6 /* Assets.xcassets in Resources */,
				C08C00D42AB89061002791C6 /* Main.storyboard in Resources */,
			);
			runOnlyForDeploymentPostprocessing = 0;
		};
/* End PBXResourcesBuildPhase section */

/* Begin PBXSourcesBuildPhase section */
		C08C00C52AB89061002791C6 /* Sources */ = {
			isa = PBXSourcesBuildPhase;
			buildActionMask = 2147483647;
			files = (
				C05B1FED2ABB452900AFA54D /* SignUpViewController.swift in Sources */,
				C08C00D12AB89061002791C6 /* MakingQuestViewController.swift in Sources */,
				C05B1FEB2ABB44F400AFA54D /* WelcomeViewController.swift in Sources */,
				C08C00CD2AB89061002791C6 /* AppDelegate.swift in Sources */,
				C08C00CF2AB89061002791C6 /* SceneDelegate.swift in Sources */,
				C05B1FE92ABB42F800AFA54D /* MainViewController.swift in Sources */,
			);
			runOnlyForDeploymentPostprocessing = 0;
		};
/* End PBXSourcesBuildPhase section */

/* Begin PBXVariantGroup section */
		C08C00D22AB89061002791C6 /* Main.storyboard */ = {
			isa = PBXVariantGroup;
			children = (
				C08C00D32AB89061002791C6 /* Base */,
			);
			name = Main.storyboard;
			sourceTree = "<group>";
		};
		C08C00D72AB89062002791C6 /* LaunchScreen.storyboard */ = {
			isa = PBXVariantGroup;
			children = (
				C08C00D82AB89062002791C6 /* Base */,
			);
			name = LaunchScreen.storyboard;
			sourceTree = "<group>";
		};
/* End PBXVariantGroup section */

/* Begin XCBuildConfiguration section */
		C08C00DB2AB89062002791C6 /* Debug */ = {
			isa = XCBuildConfiguration;
			buildSettings = {
				ALWAYS_SEARCH_USER_PATHS = NO;
				CLANG_ANALYZER_NONNULL = YES;
				CLANG_ANALYZER_NUMBER_OBJECT_CONVERSION = YES_AGGRESSIVE;
				CLANG_CXX_LANGUAGE_STANDARD = "gnu++17";
				CLANG_CXX_LIBRARY = "libc++";
				CLANG_ENABLE_MODULES = YES;
				CLANG_ENABLE_OBJC_ARC = YES;
				CLANG_ENABLE_OBJC_WEAK = YES;
				CLANG_WARN_BLOCK_CAPTURE_AUTORELEASING = YES;
				CLANG_WARN_BOOL_CONVERSION = YES;
				CLANG_WARN_COMMA = YES;
				CLANG_WARN_CONSTANT_CONVERSION = YES;
				CLANG_WARN_DEPRECATED_OBJC_IMPLEMENTATIONS = YES;
				CLANG_WARN_DIRECT_OBJC_ISA_USAGE = YES_ERROR;
				CLANG_WARN_DOCUMENTATION_COMMENTS = YES;
				CLANG_WARN_EMPTY_BODY = YES;
				CLANG_WARN_ENUM_CONVERSION = YES;
				CLANG_WARN_INFINITE_RECURSION = YES;
				CLANG_WARN_INT_CONVERSION = YES;
				CLANG_WARN_NON_LITERAL_NULL_CONVERSION = YES;
				CLANG_WARN_OBJC_IMPLICIT_RETAIN_SELF = YES;
				CLANG_WARN_OBJC_LITERAL_CONVERSION = YES;
				CLANG_WARN_OBJC_ROOT_CLASS = YES_ERROR;
				CLANG_WARN_QUOTED_INCLUDE_IN_FRAMEWORK_HEADER = YES;
				CLANG_WARN_RANGE_LOOP_ANALYSIS = YES;
				CLANG_WARN_STRICT_PROTOTYPES = YES;
				CLANG_WARN_SUSPICIOUS_MOVE = YES;
				CLANG_WARN_UNGUARDED_AVAILABILITY = YES_AGGRESSIVE;
				CLANG_WARN_UNREACHABLE_CODE = YES;
				CLANG_WARN__DUPLICATE_METHOD_MATCH = YES;
				COPY_PHASE_STRIP = NO;
				DEBUG_INFORMATION_FORMAT = dwarf;
				ENABLE_STRICT_OBJC_MSGSEND = YES;
				ENABLE_TESTABILITY = YES;
				GCC_C_LANGUAGE_STANDARD = gnu11;
				GCC_DYNAMIC_NO_PIC = NO;
				GCC_NO_COMMON_BLOCKS = YES;
				GCC_OPTIMIZATION_LEVEL = 0;
				GCC_PREPROCESSOR_DEFINITIONS = (
					"DEBUG=1",
					"$(inherited)",
				);
				GCC_WARN_64_TO_32_BIT_CONVERSION = YES;
				GCC_WARN_ABOUT_RETURN_TYPE = YES_ERROR;
				GCC_WARN_UNDECLARED_SELECTOR = YES;
				GCC_WARN_UNINITIALIZED_AUTOS = YES_AGGRESSIVE;
				GCC_WARN_UNUSED_FUNCTION = YES;
				GCC_WARN_UNUSED_VARIABLE = YES;
				IPHONEOS_DEPLOYMENT_TARGET = 15.2;
				MTL_ENABLE_DEBUG_INFO = INCLUDE_SOURCE;
				MTL_FAST_MATH = YES;
				ONLY_ACTIVE_ARCH = YES;
				SDKROOT = iphoneos;
				SWIFT_ACTIVE_COMPILATION_CONDITIONS = DEBUG;
				SWIFT_OPTIMIZATION_LEVEL = "-Onone";
			};
			name = Debug;
		};
		C08C00DC2AB89062002791C6 /* Release */ = {
			isa = XCBuildConfiguration;
			buildSettings = {
				ALWAYS_SEARCH_USER_PATHS = NO;
				CLANG_ANALYZER_NONNULL = YES;
				CLANG_ANALYZER_NUMBER_OBJECT_CONVERSION = YES_AGGRESSIVE;
				CLANG_CXX_LANGUAGE_STANDARD = "gnu++17";
				CLANG_CXX_LIBRARY = "libc++";
				CLANG_ENABLE_MODULES = YES;
				CLANG_ENABLE_OBJC_ARC = YES;
				CLANG_ENABLE_OBJC_WEAK = YES;
				CLANG_WARN_BLOCK_CAPTURE_AUTORELEASING = YES;
				CLANG_WARN_BOOL_CONVERSION = YES;
				CLANG_WARN_COMMA = YES;
				CLANG_WARN_CONSTANT_CONVERSION = YES;
				CLANG_WARN_DEPRECATED_OBJC_IMPLEMENTATIONS = YES;
				CLANG_WARN_DIRECT_OBJC_ISA_USAGE = YES_ERROR;
				CLANG_WARN_DOCUMENTATION_COMMENTS = YES;
				CLANG_WARN_EMPTY_BODY = YES;
				CLANG_WARN_ENUM_CONVERSION = YES;
				CLANG_WARN_INFINITE_RECURSION = YES;
				CLANG_WARN_INT_CONVERSION = YES;
				CLANG_WARN_NON_LITERAL_NULL_CONVERSION = YES;
				CLANG_WARN_OBJC_IMPLICIT_RETAIN_SELF = YES;
				CLANG_WARN_OBJC_LITERAL_CONVERSION = YES;
				CLANG_WARN_OBJC_ROOT_CLASS = YES_ERROR;
				CLANG_WARN_QUOTED_INCLUDE_IN_FRAMEWORK_HEADER = YES;
				CLANG_WARN_RANGE_LOOP_ANALYSIS = YES;
				CLANG_WARN_STRICT_PROTOTYPES = YES;
				CLANG_WARN_SUSPICIOUS_MOVE = YES;
				CLANG_WARN_UNGUARDED_AVAILABILITY = YES_AGGRESSIVE;
				CLANG_WARN_UNREACHABLE_CODE = YES;
				CLANG_WARN__DUPLICATE_METHOD_MATCH = YES;
				COPY_PHASE_STRIP = NO;
				DEBUG_INFORMATION_FORMAT = "dwarf-with-dsym";
				ENABLE_NS_ASSERTIONS = NO;
				ENABLE_STRICT_OBJC_MSGSEND = YES;
				GCC_C_LANGUAGE_STANDARD = gnu11;
				GCC_NO_COMMON_BLOCKS = YES;
				GCC_WARN_64_TO_32_BIT_CONVERSION = YES;
				GCC_WARN_ABOUT_RETURN_TYPE = YES_ERROR;
				GCC_WARN_UNDECLARED_SELECTOR = YES;
				GCC_WARN_UNINITIALIZED_AUTOS = YES_AGGRESSIVE;
				GCC_WARN_UNUSED_FUNCTION = YES;
				GCC_WARN_UNUSED_VARIABLE = YES;
				IPHONEOS_DEPLOYMENT_TARGET = 15.2;
				MTL_ENABLE_DEBUG_INFO = NO;
				MTL_FAST_MATH = YES;
				SDKROOT = iphoneos;
				SWIFT_COMPILATION_MODE = wholemodule;
				SWIFT_OPTIMIZATION_LEVEL = "-O";
				VALIDATE_PRODUCT = YES;
			};
			name = Release;
		};
		C08C00DE2AB89062002791C6 /* Debug */ = {
			isa = XCBuildConfiguration;
			buildSettings = {
				ASSETCATALOG_COMPILER_APPICON_NAME = AppIcon;
				ASSETCATALOG_COMPILER_GLOBAL_ACCENT_COLOR_NAME = AccentColor;
				CODE_SIGN_STYLE = Automatic;
				CURRENT_PROJECT_VERSION = 1;
				DEVELOPMENT_TEAM = 78ZT2453L4;
				GENERATE_INFOPLIST_FILE = YES;
				INFOPLIST_FILE = Pramisu/SupportingFiles/Info.plist;
				INFOPLIST_KEY_UIApplicationSupportsIndirectInputEvents = YES;
				INFOPLIST_KEY_UILaunchStoryboardName = LaunchScreen;
				INFOPLIST_KEY_UIMainStoryboardFile = Main;
				INFOPLIST_KEY_UISupportedInterfaceOrientations = UIInterfaceOrientationPortrait;
				INFOPLIST_KEY_UISupportedInterfaceOrientations_iPad = "UIInterfaceOrientationPortrait UIInterfaceOrientationPortraitUpsideDown UIInterfaceOrientationLandscapeLeft UIInterfaceOrientationLandscapeRight";
				INFOPLIST_KEY_UISupportedInterfaceOrientations_iPhone = "UIInterfaceOrientationPortrait UIInterfaceOrientationLandscapeLeft UIInterfaceOrientationLandscapeRight";
				LD_RUNPATH_SEARCH_PATHS = (
					"$(inherited)",
					"@executable_path/Frameworks",
				);
				MARKETING_VERSION = 1.0;
				PRODUCT_BUNDLE_IDENTIFIER = com.soi.Pramisu;
				PRODUCT_NAME = "$(TARGET_NAME)";
				SWIFT_EMIT_LOC_STRINGS = YES;
				SWIFT_VERSION = 5.0;
				TARGETED_DEVICE_FAMILY = "1,2";
			};
			name = Debug;
		};
		C08C00DF2AB89062002791C6 /* Release */ = {
			isa = XCBuildConfiguration;
			buildSettings = {
				ASSETCATALOG_COMPILER_APPICON_NAME = AppIcon;
				ASSETCATALOG_COMPILER_GLOBAL_ACCENT_COLOR_NAME = AccentColor;
				CODE_SIGN_STYLE = Automatic;
				CURRENT_PROJECT_VERSION = 1;
				DEVELOPMENT_TEAM = 78ZT2453L4;
				GENERATE_INFOPLIST_FILE = YES;
				INFOPLIST_FILE = Pramisu/SupportingFiles/Info.plist;
				INFOPLIST_KEY_UIApplicationSupportsIndirectInputEvents = YES;
				INFOPLIST_KEY_UILaunchStoryboardName = LaunchScreen;
				INFOPLIST_KEY_UIMainStoryboardFile = Main;
				INFOPLIST_KEY_UISupportedInterfaceOrientations = UIInterfaceOrientationPortrait;
				INFOPLIST_KEY_UISupportedInterfaceOrientations_iPad = "UIInterfaceOrientationPortrait UIInterfaceOrientationPortraitUpsideDown UIInterfaceOrientationLandscapeLeft UIInterfaceOrientationLandscapeRight";
				INFOPLIST_KEY_UISupportedInterfaceOrientations_iPhone = "UIInterfaceOrientationPortrait UIInterfaceOrientationLandscapeLeft UIInterfaceOrientationLandscapeRight";
				LD_RUNPATH_SEARCH_PATHS = (
					"$(inherited)",
					"@executable_path/Frameworks",
				);
				MARKETING_VERSION = 1.0;
				PRODUCT_BUNDLE_IDENTIFIER = com.soi.Pramisu;
				PRODUCT_NAME = "$(TARGET_NAME)";
				SWIFT_EMIT_LOC_STRINGS = YES;
				SWIFT_VERSION = 5.0;
				TARGETED_DEVICE_FAMILY = "1,2";
			};
			name = Release;
		};
/* End XCBuildConfiguration section */

/* Begin XCConfigurationList section */
		C08C00C42AB89061002791C6 /* Build configuration list for PBXProject "Pramisu" */ = {
			isa = XCConfigurationList;
			buildConfigurations = (
				C08C00DB2AB89062002791C6 /* Debug */,
				C08C00DC2AB89062002791C6 /* Release */,
			);
			defaultConfigurationIsVisible = 0;
			defaultConfigurationName = Release;
		};
		C08C00DD2AB89062002791C6 /* Build configuration list for PBXNativeTarget "Pramisu" */ = {
			isa = XCConfigurationList;
			buildConfigurations = (
				C08C00DE2AB89062002791C6 /* Debug */,
				C08C00DF2AB89062002791C6 /* Release */,
			);
			defaultConfigurationIsVisible = 0;
			defaultConfigurationName = Release;
		};
/* End XCConfigurationList section */
	};
	rootObject = C08C00C12AB89061002791C6 /* Project object */;
}
